# THIS IS AN AUTOGENERATED FILE. DO NOT EDIT THIS FILE DIRECTLY.
# yarn lockfile v1
gsap@^1.19.0:
  version "1.19.0"
  resolved "https://registry.yarnpkg.com/gsap/-/gsap-1.19.0.tgz#f36b78c6b1a449028d89efbb4c161db29f5991dd"

jquery@^3.1.1:
  version "3.1.1"
  resolved "https://registry.yarnpkg.com/jquery/-/jquery-3.1.1.tgz#347c1c21c7e004115e0a4da32cece041fad3c8a3"

pxloader@^1.1.2:
  version "1.1.2"
  resolved "https://registry.yarnpkg.com/pxloader/-/pxloader-1.1.2.tgz#97b3f7e3d4bea00dbf0b9450a14c546a1b4044bc"

swiper@^3.4.1:
  version "3.4.1"
  resolved "https://registry.yarnpkg.com/swiper/-/swiper-3.4.1.tgz#05f2e72c4fdc8f618e3570f5583696c54641d3a2"

